
Microsoft Visual Studio Solution File, Format Version 12.00
# Visual Studio 15
VisualStudioVersion = 15.0.27428.2011
MinimumVisualStudioVersion = 10.0.40219.1
Project("{FAE04EC0-301F-11D3-BF4B-00C04F79EFBC}") = "FlixOne.BookStore.ProductService", "FlixOne.BookStore.ProductService\FlixOne.BookStore.ProductService.csproj", "{1D4553B1-92EA-4DEF-B1A7-BBB3A8E13778}"
EndProject
Global
	GlobalSection(SolutionConfigurationPlatforms) = preSolution
		Debug|Any CPU = Debug|Any CPU
		Release|Any CPU = Release|Any CPU
	EndGlobalSection
	GlobalSection(ProjectConfigurationPlatforms) = postSolution
		{1D4553B1-92EA-4DEF-B1A7-BBB3A8E13778}.Debug|Any CPU.ActiveCfg = Debug|Any CPU
		{1D4553B1-92EA-4DEF-B1A7-BBB3A8E13778}.Debug|Any CPU.Build.0 = Debug|Any CPU
		{1D4553B1-92EA-4DEF-B1A7-BBB3A8E13778}.Release|Any CPU.ActiveCfg = Release|Any CPU
		{1D4553B1-92EA-4DEF-B1A7-BBB3A8E13778}.Release|Any CPU.Build.0 = Release|Any CPU
	EndGlobalSection
	GlobalSection(SolutionProperties) = preSolution
		HideSolutionNode = FALSE
	EndGlobalSection
	GlobalSection(ExtensibilityGlobals) = postSolution
		SolutionGuid = {F10A6334-10D2-4656-8308-BC02DCF1C501}
	EndGlobalSection
EndGlobal
